// !$*UTF8*$!
{
	archiveVersion = 1;
	classes = {
	};
	objectVersion = 48;
	objects = {

/* Begin PBXBuildFile section */
		27485C331FFE4A14003DCE4E /* AppDelegate.swift in Sources */ = {isa = PBXBuildFile; fileRef = 27485C321FFE4A14003DCE4E /* AppDelegate.swift */; };
		27485C351FFE4A14003DCE4E /* ViewController.swift in Sources */ = {isa = PBXBuildFile; fileRef = 27485C341FFE4A14003DCE4E /* ViewController.swift */; };
		27485C381FFE4A14003DCE4E /* Main.storyboard in Resources */ = {isa = PBXBuildFile; fileRef = 27485C361FFE4A14003DCE4E /* Main.storyboard */; };
		27485C3B1FFE4A14003DCE4E /* FunnyPopover.xcdatamodeld in Sources */ = {isa = PBXBuildFile; fileRef = 27485C391FFE4A14003DCE4E /* FunnyPopover.xcdatamodeld */; };
		27485C3D1FFE4A14003DCE4E /* Assets.xcassets in Resources */ = {isa = PBXBuildFile; fileRef = 27485C3C1FFE4A14003DCE4E /* Assets.xcassets */; };
		27485C401FFE4A14003DCE4E /* LaunchScreen.storyboard in Resources */ = {isa = PBXBuildFile; fileRef = 27485C3E1FFE4A14003DCE4E /* LaunchScreen.storyboard */; };
/* End PBXBuildFile section */

/* Begin PBXFileReference section */
		27485C2F1FFE4A14003DCE4E /* FunnyPopover.app */ = {isa = PBXFileReference; explicitFileType = wrapper.application; includeInIndex = 0; path = FunnyPopover.app; sourceTree = BUILT_PRODUCTS_DIR; };
		27485C321FFE4A14003DCE4E /* AppDelegate.swift */ = {isa = PBXFileReference; lastKnownFileType = sourcecode.swift; path = AppDelegate.swift; sourceTree = "<group>"; };
		27485C341FFE4A14003DCE4E /* ViewController.swift */ = {isa = PBXFileReference; lastKnownFileType = sourcecode.swift; path = ViewController.swift; sourceTree = "<group>"; };
		27485C371FFE4A14003DCE4E /* Base */ = {isa = PBXFileReference; lastKnownFileType = file.storyboard; name = Base; path = Base.lproj/Main.storyboard; sourceTree = "<group>"; };
		27485C3A1FFE4A14003DCE4E /* FunnyPopover.xcdatamodel */ = {isa = PBXFileReference; lastKnownFileType = wrapper.xcdatamodel; path = FunnyPopover.xcdatamodel; sourceTree = "<group>"; };
		27485C3C1FFE4A14003DCE4E /* Assets.xcassets */ = {isa = PBXFileReference; lastKnownFileType = folder.assetcatalog; path = Assets.xcassets; sourceTree = "<group>"; };
		27485C3F1FFE4A14003DCE4E /* Base */ = {isa = PBXFileReference; lastKnownFileType = file.storyboard; name = Base; path = Base.lproj/LaunchScreen.storyboard; sourceTree = "<group>"; };
		27485C411FFE4A14003DCE4E /* Info.plist */ = {isa = PBXFileReference; lastKnownFileType = text.plist.xml; path = Info.plist; sourceTree = "<group>"; };
/* End PBXFileReference section */

/* Begin PBXFrameworksBuildPhase section */
		27485C2C1FFE4A14003DCE4E /* Frameworks */ = {
			isa = PBXFrameworksBuildPhase;
			buildActionMask = 2147483647;
			files = (
			);
			runOnlyForDeploymentPostprocessing = 0;
		};
/* End PBXFrameworksBuildPhase section */

/* Begin PBXGroup section */
		27485C261FFE4A14003DCE4E = {
			isa = PBXGroup;
			children = (
				27485C311FFE4A14003DCE4E /* FunnyPopover */,
				27485C301FFE4A14003DCE4E /* Products */,
			);
			sourceTree = "<group>";
		};
		27485C301FFE4A14003DCE4E /* Products */ = {
			isa = PBXGroup;
			children = (
				27485C2F1FFE4A14003DCE4E /* FunnyPopover.app */,
			);
			name = Products;
			sourceTree = "<group>";
		};
		27485C311FFE4A14003DCE4E /* FunnyPopover */ = {
			isa = PBXGroup;
			children = (
				27485C321FFE4A14003DCE4E /* AppDelegate.swift */,
				27485C341FFE4A14003DCE4E /* ViewController.swift */,
				27485C361FFE4A14003DCE4E /* Main.storyboard */,
				27485C3C1FFE4A14003DCE4E /* Assets.xcassets */,
				27485C3E1FFE4A14003DCE4E /* LaunchScreen.storyboard */,
				27485C411FFE4A14003DCE4E /* Info.plist */,
				27485C391FFE4A14003DCE4E /* FunnyPopover.xcdatamodeld */,
			);
			path = FunnyPopover;
			sourceTree = "<group>";
		};
/* End PBXGroup section */

/* Begin PBXNativeTarget section */
		27485C2E1FFE4A14003DCE4E /* FunnyPopover */ = {
			isa = PBXNativeTarget;
			buildConfigurationList = 27485C441FFE4A14003DCE4E /* Build configuration list for PBXNativeTarget "FunnyPopover" */;
			buildPhases = (
				27485C2B1FFE4A14003DCE4E /* Sources */,
				27485C2C1FFE4A14003DCE4E /* Frameworks */,
				27485C2D1FFE4A14003DCE4E /* Resources */,
			);
			buildRules = (
			);
			dependencies = (
			);
			name = FunnyPopover;
			productName = FunnyPopover;
			productReference = 27485C2F1FFE4A14003DCE4E /* FunnyPopover.app */;
			productType = "com.apple.product-type.application";
		};
/* End PBXNativeTarget section */

/* Begin PBXProject section */
		27485C271FFE4A14003DCE4E /* Project object */ = {
			isa = PBXProject;
			attributes = {
				LastSwiftUpdateCheck = 0900;
				LastUpgradeCheck = 0900;
				ORGANIZATIONNAME = "Ngoc Tan";
				TargetAttributes = {
					27485C2E1FFE4A14003DCE4E = {
						CreatedOnToolsVersion = 9.0;
						ProvisioningStyle = Automatic;
					};
				};
			};
			buildConfigurationList = 27485C2A1FFE4A14003DCE4E /* Build configuration list for PBXProject "FunnyPopover" */;
			compatibilityVersion = "Xcode 8.0";
			developmentRegion = en;
			hasScannedForEncodings = 0;
			knownRegions = (
				en,
				Base,
			);
			mainGroup = 27485C261FFE4A14003DCE4E;
			productRefGroup = 27485C301FFE4A14003DCE4E /* Products */;
			projectDirPath = "";
			projectRoot = "";
			targets = (
				27485C2E1FFE4A14003DCE4E /* FunnyPopover */,
			);
		};
/* End PBXProject section */

/* Begin PBXResourcesBuildPhase section */
		27485C2D1FFE4A14003DCE4E /* Resources */ = {
			isa = PBXResourcesBuildPhase;
			buildActionMask = 2147483647;
			files = (
				27485C401FFE4A14003DCE4E /* LaunchScreen.storyboard in Resources */,
				27485C3D1FFE4A14003DCE4E /* Assets.xcassets in Resources */,
				27485C381FFE4A14003DCE4E /* Main.storyboard in Resources */,
			);
			runOnlyForDeploymentPostprocessing = 0;
		};
/* End PBXResourcesBuildPhase section */

/* Begin PBXSourcesBuildPhase section */
		27485C2B1FFE4A14003DCE4E /* Sources */ = {
			isa = PBXSourcesBuildPhase;
			buildActionMask = 2147483647;
			files = (
				27485C351FFE4A14003DCE4E /* ViewController.swift in Sources */,
				27485C3B1FFE4A14003DCE4E /* FunnyPopover.xcdatamodeld in Sources */,
				27485C331FFE4A14003DCE4E /* AppDelegate.swift in Sources */,
			);
			runOnlyForDeploymentPostprocessing = 0;
		};
/* End PBXSourcesBuildPhase section */

/* Begin PBXVariantGroup section */
		27485C361FFE4A14003DCE4E /* Main.storyboard */ = {
			isa = PBXVariantGroup;
			children = (
				27485C371FFE4A14003DCE4E /* Base */,
			);
			name = Main.storyboard;
			sourceTree = "<group>";
		};
		27485C3E1FFE4A14003DCE4E /* LaunchScreen.storyboard */ = {
			isa = PBXVariantGroup;
			children = (
				27485C3F1FFE4A14003DCE4E /* Base */,
			);
			name = LaunchScreen.storyboard;
			sourceTree = "<group>";
		};
/* End PBXVariantGroup section */

/* Begin XCBuildConfiguration section */
		27485C421FFE4A14003DCE4E /* Debug */ = {
			isa = XCBuildConfiguration;
			buildSettings = {
				ALWAYS_SEARCH_USER_PATHS = NO;
				CLANG_ANALYZER_NONNULL = YES;
				CLANG_ANALYZER_NUMBER_OBJECT_CONVERSION = YES_AGGRESSIVE;
				CLANG_CXX_LANGUAGE_STANDARD = "gnu++14";
				CLANG_CXX_LIBRARY = "libc++";
				CLANG_ENABLE_MODULES = YES;
				CLANG_ENABLE_OBJC_ARC = YES;
				CLANG_WARN_BLOCK_CAPTURE_AUTORELEASING = YES;
				CLANG_WARN_BOOL_CONVERSION = YES;
				CLANG_WARN_COMMA = YES;
				CLANG_WARN_CONSTANT_CONVERSION = YES;
				CLANG_WARN_DIRECT_OBJC_ISA_USAGE = YES_ERROR;
				CLANG_WARN_DOCUMENTATION_COMMENTS = YES;
				CLANG_WARN_EMPTY_BODY = YES;
				CLANG_WARN_ENUM_CONVERSION = YES;
				CLANG_WARN_INFINITE_RECURSION = YES;
				CLANG_WARN_INT_CONVERSION = YES;
				CLANG_WARN_NON_LITERAL_NULL_CONVERSION = YES;
				CLANG_WARN_OBJC_LITERAL_CONVERSION = YES;
				CLANG_WARN_OBJC_ROOT_CLASS = YES_ERROR;
				CLANG_WARN_RANGE_LOOP_ANALYSIS = YES;
				CLANG_WARN_STRICT_PROTOTYPES = YES;
				CLANG_WARN_SUSPICIOUS_MOVE = YES;
				CLANG_WARN_UNGUARDED_AVAILABILITY = YES_AGGRESSIVE;
				CLANG_WARN_UNREACHABLE_CODE = YES;
				CLANG_WARN__DUPLICATE_METHOD_MATCH = YES;
				CODE_SIGN_IDENTITY = "iPhone Developer";
				COPY_PHASE_STRIP = NO;
				DEBUG_INFORMATION_FORMAT = dwarf;
				ENABLE_STRICT_OBJC_MSGSEND = YES;
				ENABLE_TESTABILITY = YES;
				GCC_C_LANGUAGE_STANDARD = gnu11;
				GCC_DYNAMIC_NO_PIC = NO;
				GCC_NO_COMMON_BLOCKS = YES;
				GCC_OPTIMIZATION_LEVEL = 0;
				GCC_PREPROCESSOR_DEFINITIONS = (
					"DEBUG=1",
					"$(inherited)",
				);
				GCC_WARN_64_TO_32_BIT_CONVERSION = YES;
				GCC_WARN_ABOUT_RETURN_TYPE = YES_ERROR;
				GCC_WARN_UNDECLARED_SELECTOR = YES;
				GCC_WARN_UNINITIALIZED_AUTOS = YES_AGGRESSIVE;
				GCC_WARN_UNUSED_FUNCTION = YES;
				GCC_WARN_UNUSED_VARIABLE = YES;
				IPHONEOS_DEPLOYMENT_TARGET = 11.0;
				MTL_ENABLE_DEBUG_INFO = YES;
				ONLY_ACTIVE_ARCH = YES;
				SDKROOT = iphoneos;
				SWIFT_ACTIVE_COMPILATION_CONDITIONS = DEBUG;
				SWIFT_OPTIMIZATION_LEVEL = "-Onone";
			};
			name = Debug;
		};
		27485C431FFE4A14003DCE4E /* Release */ = {
			isa = XCBuildConfiguration;
			buildSettings = {
				ALWAYS_SEARCH_USER_PATHS = NO;
				CLANG_ANALYZER_NONNULL = YES;
				CLANG_ANALYZER_NUMBER_OBJECT_CONVERSION = YES_AGGRESSIVE;
				CLANG_CXX_LANGUAGE_STANDARD = "gnu++14";
				CLANG_CXX_LIBRARY = "libc++";
				CLANG_ENABLE_MODULES = YES;
				CLANG_ENABLE_OBJC_ARC = YES;
				CLANG_WARN_BLOCK_CAPTURE_AUTORELEASING = YES;
				CLANG_WARN_BOOL_CONVERSION = YES;
				CLANG_WARN_COMMA = YES;
				CLANG_WARN_CONSTANT_CONVERSION = YES;
				CLANG_WARN_DIRECT_OBJC_ISA_USAGE = YES_ERROR;
				CLANG_WARN_DOCUMENTATION_COMMENTS = YES;
				CLANG_WARN_EMPTY_BODY = YES;
				CLANG_WARN_ENUM_CONVERSION = YES;
				CLANG_WARN_INFINITE_RECURSION = YES;
				CLANG_WARN_INT_CONVERSION = YES;
				CLANG_WARN_NON_LITERAL_NULL_CONVERSION = YES;
				CLANG_WARN_OBJC_LITERAL_CONVERSION = YES;
				CLANG_WARN_OBJC_ROOT_CLASS = YES_ERROR;
				CLANG_WARN_RANGE_LOOP_ANALYSIS = YES;
				CLANG_WARN_STRICT_PROTOTYPES = YES;
				CLANG_WARN_SUSPICIOUS_MOVE = YES;
				CLANG_WARN_UNGUARDED_AVAILABILITY = YES_AGGRESSIVE;
				CLANG_WARN_UNREACHABLE_CODE = YES;
				CLANG_WARN__DUPLICATE_METHOD_MATCH = YES;
				CODE_SIGN_IDENTITY = "iPhone Developer";
				COPY_PHASE_STRIP = NO;
				DEBUG_INFORMATION_FORMAT = "dwarf-with-dsym";
				ENABLE_NS_ASSERTIONS = NO;
				ENABLE_STRICT_OBJC_MSGSEND = YES;
				GCC_C_LANGUAGE_STANDARD = gnu11;
				GCC_NO_COMMON_BLOCKS = YES;
				GCC_WARN_64_TO_32_BIT_CONVERSION = YES;
				GCC_WARN_ABOUT_RETURN_TYPE = YES_ERROR;
				GCC_WARN_UNDECLARED_SELECTOR = YES;
				GCC_WARN_UNINITIALIZED_AUTOS = YES_AGGRESSIVE;
				GCC_WARN_UNUSED_FUNCTION = YES;
				GCC_WARN_UNUSED_VARIABLE = YES;
				IPHONEOS_DEPLOYMENT_TARGET = 11.0;
				MTL_ENABLE_DEBUG_INFO = NO;
				SDKROOT = iphoneos;
				SWIFT_OPTIMIZATION_LEVEL = "-Owholemodule";
				VALIDATE_PRODUCT = YES;
			};
			name = Release;
		};
		27485C451FFE4A14003DCE4E /* Debug */ = {
			isa = XCBuildConfiguration;
			buildSettings = {
				ASSETCATALOG_COMPILER_APPICON_NAME = AppIcon;
				CODE_SIGN_STYLE = Automatic;
				DEVELOPMENT_TEAM = ZHSTX5Y556;
				INFOPLIST_FILE = FunnyPopover/Info.plist;
				LD_RUNPATH_SEARCH_PATHS = "$(inherited) @executable_path/Frameworks";
				PRODUCT_BUNDLE_IDENTIFIER = project.FunnyPopover;
				PRODUCT_NAME = "$(TARGET_NAME)";
				SWIFT_VERSION = 4.0;
				TARGETED_DEVICE_FAMILY = "1,2";
			};
			name = Debug;
		};
		27485C461FFE4A14003DCE4E /* Release */ = {
			isa = XCBuildConfiguration;
			buildSettings = {
				ASSETCATALOG_COMPILER_APPICON_NAME = AppIcon;
				CODE_SIGN_STYLE = Automatic;
				DEVELOPMENT_TEAM = ZHSTX5Y556;
				INFOPLIST_FILE = FunnyPopover/Info.plist;
				LD_RUNPATH_SEARCH_PATHS = "$(inherited) @executable_path/Frameworks";
				PRODUCT_BUNDLE_IDENTIFIER = project.FunnyPopover;
				PRODUCT_NAME = "$(TARGET_NAME)";
				SWIFT_VERSION = 4.0;
				TARGETED_DEVICE_FAMILY = "1,2";
			};
			name = Release;
		};
/* End XCBuildConfiguration section */

/* Begin XCConfigurationList section */
		27485C2A1FFE4A14003DCE4E /* Build configuration list for PBXProject "FunnyPopover" */ = {
			isa = XCConfigurationList;
			buildConfigurations = (
				27485C421FFE4A14003DCE4E /* Debug */,
				27485C431FFE4A14003DCE4E /* Release */,
			);
			defaultConfigurationIsVisible = 0;
			defaultConfigurationName = Release;
		};
		27485C441FFE4A14003DCE4E /* Build configuration list for PBXNativeTarget "FunnyPopover" */ = {
			isa = XCConfigurationList;
			buildConfigurations = (
				27485C451FFE4A14003DCE4E /* Debug */,
				27485C461FFE4A14003DCE4E /* Release */,
			);
			defaultConfigurationIsVisible = 0;
			defaultConfigurationName = Release;
		};
/* End XCConfigurationList section */

/* Begin XCVersionGroup section */
		27485C391FFE4A14003DCE4E /* FunnyPopover.xcdatamodeld */ = {
			isa = XCVersionGroup;
			children = (
				27485C3A1FFE4A14003DCE4E /* FunnyPopover.xcdatamodel */,
			);
			currentVersion = 27485C3A1FFE4A14003DCE4E /* FunnyPopover.xcdatamodel */;
			path = FunnyPopover.xcdatamodeld;
			sourceTree = "<group>";
			versionGroupType = wrapper.xcdatamodel;
		};
/* End XCVersionGroup section */
	};
	rootObject = 27485C271FFE4A14003DCE4E /* Project object */;
}
